
Microsoft Visual Studio Solution File, Format Version 12.00
# Visual Studio Version 17
VisualStudioVersion = 17.5.002.0
MinimumVisualStudioVersion = 10.0.40219.1
Project("{9A19103F-16F7-4668-BE54-9A1E7A4F7556}") = "projeto", "projeto\projeto.csproj", "{71878B0B-430F-4CAA-9E2D-ED5FA8F7B6F7}"
EndProject
Project("{FAE04EC0-301F-11D3-BF4B-00C04F79EFBC}") = "Tests", "Tests\Tests.csproj", "{718452C3-B0EC-4476-8C35-B6AF408D16EA}"
EndProject
Global
	GlobalSection(SolutionConfigurationPlatforms) = preSolution
		Debug|Any CPU = Debug|Any CPU
		Release|Any CPU = Release|Any CPU
	EndGlobalSection
	GlobalSection(ProjectConfigurationPlatforms) = postSolution
		{71878B0B-430F-4CAA-9E2D-ED5FA8F7B6F7}.Debug|Any CPU.ActiveCfg = Debug|Any CPU
		{71878B0B-430F-4CAA-9E2D-ED5FA8F7B6F7}.Debug|Any CPU.Build.0 = Debug|Any CPU
		{71878B0B-430F-4CAA-9E2D-ED5FA8F7B6F7}.Release|Any CPU.ActiveCfg = Release|Any CPU
		{71878B0B-430F-4CAA-9E2D-ED5FA8F7B6F7}.Release|Any CPU.Build.0 = Release|Any CPU
		{718452C3-B0EC-4476-8C35-B6AF408D16EA}.Debug|Any CPU.ActiveCfg = Debug|Any CPU
		{718452C3-B0EC-4476-8C35-B6AF408D16EA}.Debug|Any CPU.Build.0 = Debug|Any CPU
		{718452C3-B0EC-4476-8C35-B6AF408D16EA}.Release|Any CPU.ActiveCfg = Release|Any CPU
		{718452C3-B0EC-4476-8C35-B6AF408D16EA}.Release|Any CPU.Build.0 = Release|Any CPU
	EndGlobalSection
	GlobalSection(SolutionProperties) = preSolution
		HideSolutionNode = FALSE
	EndGlobalSection
	GlobalSection(ExtensibilityGlobals) = postSolution
		SolutionGuid = {78091CCB-F54C-4002-A2FC-281EBF5580E0}
	EndGlobalSection
EndGlobal
